<?xml version="1.0" encoding="utf-8"?>
<Project ToolsVersion="4.0" xmlns="http://schemas.microsoft.com/developer/msbuild/2003">
  <ItemGroup>
    <Filter Include="Source Files">
      <UniqueIdentifier>{4FC737F1-C7A5-4376-A066-2A32D752A2FF}</UniqueIdentifier>
      <Extensions>cpp;c;cc;cxx;def;odl;idl;hpj;bat;asm;asmx</Extensions>
    </Filter>
    <Filter Include="Header Files">
      <UniqueIdentifier>{93995380-89BD-4b04-88EB-625FBE52EBFB}</UniqueIdentifier>
      <Extensions>h;hpp;hxx;hm;inl;inc;xsd</Extensions>
    </Filter>
    <Filter Include="Resource Files">
      <UniqueIdentifier>{67DA6AB6-F800-4c08-8B7A-83BB121AAD01}</UniqueIdentifier>
      <Extensions>rc;ico;cur;bmp;dlg;rc2;rct;bin;rgs;gif;jpg;jpeg;jpe;resx;tiff;tif;png;wav;mfcribbon-ms</Extensions>
    </Filter>
    <Filter Include="Classes">
      <UniqueIdentifier>{347c0dc1-8a97-4a06-ab08-879d29fcdc29}</UniqueIdentifier>
    </Filter>
    <Filter Include="Classes\Components">
      <UniqueIdentifier>{4e75e360-2c92-4cb1-90b1-369524b7fb82}</UniqueIdentifier>
    </Filter>
  </ItemGroup>
  <ItemGroup>
    <ClCompile Include="bgiout.cxx">
      <Filter>Source Files</Filter>
    </ClCompile>
    <ClCompile Include="winthread.cxx">
      <Filter>Source Files</Filter>
    </ClCompile>
    <ClCompile Include="drawing.cxx">
      <Filter>Source Files</Filter>
    </ClCompile>
    <ClCompile Include="misc.cxx">
      <Filter>Source Files</Filter>
    </ClCompile>
    <ClCompile Include="palette.cxx">
      <Filter>Source Files</Filter>
    </ClCompile>
    <ClCompile Include="text.cxx">
      <Filter>Source Files</Filter>
    </ClCompile>
    <ClCompile Include="mouse.cxx">
      <Filter>Source Files</Filter>
    </ClCompile>
    <ClCompile Include="winbgi.cxx">
      <Filter>Source Files</Filter>
    </ClCompile>
    <ClCompile Include="file.cxx">
      <Filter>Source Files</Filter>
    </ClCompile>
    <ClCompile Include="dibutil.cxx">
      <Filter>Source Files</Filter>
    </ClCompile>
    <ClCompile Include="ELEC.cpp">
      <Filter>Source Files</Filter>
    </ClCompile>
    <ClCompile Include="eyes.cpp">
      <Filter>Source Files</Filter>
    </ClCompile>
    <ClCompile Include="Classes\Components\BaseComponent\BaseComponent.cpp">
      <Filter>Classes\Components</Filter>
    </ClCompile>
    <ClCompile Include="Classes\Components\Resistor\Resistor.cpp">
      <Filter>Source Files</Filter>
    </ClCompile>
    <ClCompile Include="Classes\Components\Battery\Battery.cpp">
      <Filter>Source Files</Filter>
    </ClCompile>
    <ClCompile Include="Classes\Components\Condenser\Condenser.cpp">
      <Filter>Source Files</Filter>
    </ClCompile>
    <ClCompile Include="Classes\Components\Diode\Diode.cpp">
      <Filter>Source Files</Filter>
    </ClCompile>
    <ClCompile Include="Classes\Components\Node\Node.cpp">
      <Filter>Source Files</Filter>
    </ClCompile>
    <ClCompile Include="Classes\Components\OperationalAmplifier\OperationalAmplifier.cpp">
      <Filter>Source Files</Filter>
    </ClCompile>
    <ClCompile Include="Classes\Components\NpnTransistor\NpnTransistor.cpp">
      <Filter>Source Files</Filter>
    </ClCompile>
    <ClCompile Include="Classes\Components\PnpTransistor\PnpTransistor.cpp">
      <Filter>Source Files</Filter>
    </ClCompile>
    <ClCompile Include="Classes\Components\ServoMotor\ServoMotor.cpp">
      <Filter>Source Files</Filter>
    </ClCompile>
    <ClCompile Include="Classes\Helpers\GraphicsHelper\GraphicsHelper.cpp">
      <Filter>Source Files</Filter>
    </ClCompile>
    <ClCompile Include="Classes\Helpers\CartesianPointsHelper\CartesianPointsHelper.cpp">
      <Filter>Source Files</Filter>
    </ClCompile>
    <ClCompile Include="Classes\Components\ZennerDiode\ZennerDiode.cpp">
      <Filter>Source Files</Filter>
    </ClCompile>
    <ClCompile Include="Classes\Helpers\FileHelper\FileHelper.cpp">
      <Filter>Source Files</Filter>
    </ClCompile>
    <ClCompile Include="Classes\Helpers\JsonHelper\JsonHelper.cpp">
      <Filter>Source Files</Filter>
    </ClCompile>
    <ClCompile Include="Classes\Components\Battery\Resources\BatteryResources.cpp">
      <Filter>Source Files</Filter>
    </ClCompile>
    <ClCompile Include="Classes\Components\Condenser\Resources\CondenserResources.cpp">
      <Filter>Source Files</Filter>
    </ClCompile>
    <ClCompile Include="Classes\Components\Diode\Resources\DiodeResources.cpp">
      <Filter>Source Files</Filter>
    </ClCompile>
    <ClCompile Include="Classes\Components\NandGate\Resources\NandGateResources.cpp">
      <Filter>Source Files</Filter>
    </ClCompile>
    <ClCompile Include="Classes\Components\NandGate\NandGate.cpp">
      <Filter>Source Files</Filter>
    </ClCompile>
    <ClCompile Include="Classes\Components\Node\Resources\NodeResources.cpp">
      <Filter>Source Files</Filter>
    </ClCompile>
    <ClCompile Include="Classes\Components\NpnTransistor\Resources\NpnTransistorResources.cpp">
      <Filter>Source Files</Filter>
    </ClCompile>
    <ClCompile Include="Classes\Factories\ComponentFactory\ComponentFactory.cpp">
      <Filter>Source Files</Filter>
    </ClCompile>
    <ClCompile Include="Classes\Helpers\CircuitReader\CircuitReader.cpp">
      <Filter>Source Files</Filter>
    </ClCompile>
    <ClCompile Include="Classes\Wrappers\CircuitDetails\CircuitDetails.cpp">
      <Filter>Source Files</Filter>
    </ClCompile>
    <ClCompile Include="Classes\Wrappers\ComponentDetails\ComponentDetails.cpp">
      <Filter>Source Files</Filter>
    </ClCompile>
    <ClCompile Include="Classes\Wrappers\Link\Link.cpp">
      <Filter>Source Files</Filter>
    </ClCompile>
    <ClCompile Include="Classes\Wrappers\PositionDetails\PositionDetails.cpp">
      <Filter>Source Files</Filter>
    </ClCompile>
    <ClCompile Include="Classes\Components\OperationalAmplifier\Resources\OperationalAmplifierResources.cpp">
      <Filter>Source Files</Filter>
    </ClCompile>
    <ClCompile Include="Classes\Components\PnpTransistor\Resources\PnpTransistorResources.cpp">
      <Filter>Source Files</Filter>
    </ClCompile>
    <ClCompile Include="Classes\Components\Resistor\Resources\ResistorResources.cpp">
      <Filter>Source Files</Filter>
    </ClCompile>
    <ClCompile Include="Classes\Components\ServoMotor\Resources\ServoMotorResources.cpp">
      <Filter>Source Files</Filter>
    </ClCompile>
    <ClCompile Include="Classes\Components\ZennerDiode\Resources\ZennerDiodeResources.cpp">
      <Filter>Source Files</Filter>
    </ClCompile>
    <ClCompile Include="Classes\CartesianPlane\CartesianCoordinate\CartesianCoordinate.cpp">
      <Filter>Source Files</Filter>
    </ClCompile>
    <ClCompile Include="Classes\CartesianPlane\CartesianPoint\CartesianPoint.cpp">
      <Filter>Source Files</Filter>
    </ClCompile>
    <ClCompile Include="Classes\Circuit\Circuit.cpp">
      <Filter>Source Files</Filter>
    </ClCompile>
    <ClCompile Include="Classes\Enums\LinkType.h">
      <Filter>Source Files</Filter>
    </ClCompile>
    <ClCompile Include="Classes\Helpers\DOMHelper\DOMHelper.cpp">
      <Filter>Source Files</Filter>
    </ClCompile>
    <ClCompile Include="Classes\Guid\Guid.cpp">
      <Filter>Source Files</Filter>
    </ClCompile>
    <ClCompile Include="Classes\CartesianPlane\Area\Area.cpp">
      <Filter>Source Files</Filter>
    </ClCompile>
    <ClCompile Include="Classes\FreeDraw\Menu\Models\MenuOption\FreeDrawMenuOption.cpp">
      <Filter>Source Files</Filter>
    </ClCompile>
    <ClCompile Include="Classes\FreeDraw\Menu\FreeDrawMenu.cpp">
      <Filter>Source Files</Filter>
    </ClCompile>
    <ClCompile Include="Classes\Menu\Models\MenuOption\StartMenuOption.cpp">
      <Filter>Source Files</Filter>
    </ClCompile>
    <ClCompile Include="Classes\Menu\Menu.cpp">
      <Filter>Source Files</Filter>
    </ClCompile>
    <ClCompile Include="Classes\Menu\Resources\MenuResources.cpp">
      <Filter>Source Files</Filter>
    </ClCompile>
    <ClCompile Include="Classes\FreeDraw\FreeDraw.cpp">
      <Filter>Source Files</Filter>
    </ClCompile>
    <ClCompile Include="Classes\Helpers\DOMHelper\MouseClick\MouseClickPoint.cpp">
      <Filter>Source Files</Filter>
    </ClCompile>
    <ClCompile Include="BaseMenuOption.cpp">
      <Filter>Source Files</Filter>
    </ClCompile>
    <ClCompile Include="Classes\Enums\Colors.h">
      <Filter>Source Files</Filter>
    </ClCompile>
    <ClCompile Include="Classes\Components\BaseComponent\Resources\BaseComponentResources.cpp">
      <Filter>Source Files</Filter>
    </ClCompile>
  </ItemGroup>
  <ItemGroup>
    <ClInclude Include="winbgim.h">
      <Filter>Header Files</Filter>
    </ClInclude>
    <ClInclude Include="winbgitypes.h">
      <Filter>Header Files</Filter>
    </ClInclude>
    <ClInclude Include="graphics.h">
      <Filter>Header Files</Filter>
    </ClInclude>
    <ClInclude Include="winbgi.h">
      <Filter>Header Files</Filter>
    </ClInclude>
    <ClInclude Include="dibutil.h">
      <Filter>Header Files</Filter>
    </ClInclude>
    <ClInclude Include="stdafx.h">
      <Filter>Resource Files</Filter>
    </ClInclude>
    <ClInclude Include="Classes\Components\BaseComponent\BaseComponent.h">
      <Filter>Header Files</Filter>
    </ClInclude>
    <ClInclude Include="Classes\Components\Resistor\Resistor.h">
      <Filter>Header Files</Filter>
    </ClInclude>
    <ClInclude Include="Classes\Components\Battery\Battery.h">
      <Filter>Header Files</Filter>
    </ClInclude>
    <ClInclude Include="Classes\Components\Condenser\Condenser.h">
      <Filter>Header Files</Filter>
    </ClInclude>
    <ClInclude Include="Classes\Components\Diode\Diode.h">
      <Filter>Header Files</Filter>
    </ClInclude>
    <ClInclude Include="Classes\Components\Node\Node.h">
      <Filter>Header Files</Filter>
    </ClInclude>
    <ClInclude Include="Classes\Components\OperationalAmplifier\OperationalAmplifier.h">
      <Filter>Header Files</Filter>
    </ClInclude>
    <ClInclude Include="Classes\Components\NpnTransistor\NpnTransistor.h">
      <Filter>Header Files</Filter>
    </ClInclude>
    <ClInclude Include="Classes\Components\PnpTransistor\PnpTransistor.h">
      <Filter>Header Files</Filter>
    </ClInclude>
    <ClInclude Include="Classes\Components\ServoMotor\ServoMotor.h">
      <Filter>Header Files</Filter>
    </ClInclude>
    <ClInclude Include="Classes\Helpers\GraphicsHelper\GraphicsHelper.h">
      <Filter>Header Files</Filter>
    </ClInclude>
    <ClInclude Include="Classes\Components\Resistor\Resources\ResistorResources.h">
      <Filter>Header Files</Filter>
    </ClInclude>
    <ClInclude Include="Classes\Helpers\CartesianPointsHelper\CartesianPointsHelper.h">
      <Filter>Header Files</Filter>
    </ClInclude>
    <ClInclude Include="Classes\Components\BaseComponent\Resources\BaseComponentResources.h">
      <Filter>Header Files</Filter>
    </ClInclude>
    <ClInclude Include="Classes\Components\Condenser\Resources\CondenserResources.h">
      <Filter>Header Files</Filter>
    </ClInclude>
    <ClInclude Include="Classes\Components\Battery\Resources\BatteryResources.h">
      <Filter>Header Files</Filter>
    </ClInclude>
    <ClInclude Include="Classes\Components\Diode\Resources\DiodeResources.h">
      <Filter>Header Files</Filter>
    </ClInclude>
    <ClInclude Include="Classes\Components\OperationalAmplifier\Resources\OprerationalAmplifierResources.h">
      <Filter>Header Files</Filter>
    </ClInclude>
    <ClInclude Include="Classes\Components\ServoMotor\Resources\ServoMotorResources.h">
      <Filter>Header Files</Filter>
    </ClInclude>
    <ClInclude Include="Classes\Components\ZennerDiode\Resources\ZennerDiodeResources.h">
      <Filter>Header Files</Filter>
    </ClInclude>
    <ClInclude Include="Classes\Components\ZennerDiode\ZennerDiode.h">
      <Filter>Header Files</Filter>
    </ClInclude>
    <ClInclude Include="Classes\Components\NpnTransistor\Resources\NpnTransistorResources.h">
      <Filter>Header Files</Filter>
    </ClInclude>
    <ClInclude Include="Classes\Components\PnpTransistor\Resources\PnpTransistorResources.h">
      <Filter>Header Files</Filter>
    </ClInclude>
    <ClInclude Include="Classes\Components\Node\Resources\NodeResources.h">
      <Filter>Header Files</Filter>
    </ClInclude>
    <ClInclude Include="Classes\Helpers\FileHelper\FileHelper.h">
      <Filter>Header Files</Filter>
    </ClInclude>
    <ClInclude Include="Classes\Wrappers\Link\Link.h">
      <Filter>Header Files</Filter>
    </ClInclude>
    <ClInclude Include="Classes\Wrappers\CircuitDetails\CircuitDetails.h">
      <Filter>Header Files</Filter>
    </ClInclude>
    <ClInclude Include="Classes\Wrappers\ComponentDetails\ComponentDetails.h">
      <Filter>Header Files</Filter>
    </ClInclude>
    <ClInclude Include="Classes\Wrappers\PositionDetails\PositionDetails.h">
      <Filter>Header Files</Filter>
    </ClInclude>
    <ClInclude Include="Classes\Helpers\JsonHelper\JsonHelper.h">
      <Filter>Header Files</Filter>
    </ClInclude>
    <ClInclude Include="Classes\Components\SiNuGate\NandGate.h">
      <Filter>Header Files</Filter>
    </ClInclude>
    <ClInclude Include="Classes\Components\SiNuGate\Resources\NandGateResources.h">
      <Filter>Header Files</Filter>
    </ClInclude>
    <ClInclude Include="Classes\Components\NandGate\Resources\NandGateResources.h">
      <Filter>Header Files</Filter>
    </ClInclude>
    <ClInclude Include="Classes\Components\NandGate\NandGate.h">
      <Filter>Header Files</Filter>
    </ClInclude>
    <ClInclude Include="Classes\Factories\ComponentFactory\ComponentFactory.h">
      <Filter>Header Files</Filter>
    </ClInclude>
    <ClInclude Include="Classes\Helpers\CircuitReader\CircuitReader.h">
      <Filter>Header Files</Filter>
    </ClInclude>
    <ClInclude Include="Classes\Enums\Orientation.h">
      <Filter>Header Files</Filter>
    </ClInclude>
    <ClInclude Include="Classes\CartesianPlane\CartesianCoordinate\CartesianCoordinate.h">
      <Filter>Header Files</Filter>
    </ClInclude>
    <ClInclude Include="Classes\CartesianPlane\CartesianPoint\CartesianPoint.h">
      <Filter>Header Files</Filter>
    </ClInclude>
    <ClInclude Include="Classes\Circuit\Circuit.h">
      <Filter>Header Files</Filter>
    </ClInclude>
    <ClInclude Include="Classes\Helpers\DOMHelper\DOMHelper.h">
      <Filter>Header Files</Filter>
    </ClInclude>
    <ClInclude Include="Classes\Guid\Guid.h">
      <Filter>Header Files</Filter>
    </ClInclude>
    <ClInclude Include="Classes\CartesianPlane\Area\Area.h">
      <Filter>Header Files</Filter>
    </ClInclude>
    <ClInclude Include="Classes\FreeDraw\Menu\Models\MenuOption\FreeDrawMenuOption.h">
      <Filter>Header Files</Filter>
    </ClInclude>
    <ClInclude Include="Classes\FreeDraw\Menu\Resources\FreeDrawMenuResources.h">
      <Filter>Header Files</Filter>
    </ClInclude>
    <ClInclude Include="Classes\FreeDraw\Menu\FreeDrawMenu.h">
      <Filter>Header Files</Filter>
    </ClInclude>
    <ClInclude Include="Classes\Menu\Models\MenuOption\StartMenuOption.h">
      <Filter>Header Files</Filter>
    </ClInclude>
    <ClInclude Include="Classes\Menu\Menu.h">
      <Filter>Header Files</Filter>
    </ClInclude>
    <ClInclude Include="Classes\Menu\Resources\MenuResources.h">
      <Filter>Header Files</Filter>
    </ClInclude>
    <ClInclude Include="Classes\FreeDraw\FreeDraw.h">
      <Filter>Header Files</Filter>
    </ClInclude>
    <ClInclude Include="Classes\Helpers\DOMHelper\MouseClick\Resources\MouseClickResources.h">
      <Filter>Header Files</Filter>
    </ClInclude>
    <ClInclude Include="Classes\Helpers\DOMHelper\MouseClick\MouseClickPoint.h">
      <Filter>Header Files</Filter>
    </ClInclude>
    <ClInclude Include="BaseMenuOption.h">
      <Filter>Header Files</Filter>
    </ClInclude>
  </ItemGroup>
  <ItemGroup>
    <None Include=".gitignore" />
    <None Include="circuit.json" />
  </ItemGroup>
</Project>