<?xml version="1.0" encoding="utf-8"?>
<Project ToolsVersion="4.0" xmlns="http://schemas.microsoft.com/developer/msbuild/2003">
  <ItemGroup>
    <Filter Include="Source Files">
      <UniqueIdentifier>{4FC737F1-C7A5-4376-A066-2A32D752A2FF}</UniqueIdentifier>
      <Extensions>cpp;c;cc;cxx;def;odl;idl;hpj;bat;asm;asmx</Extensions>
    </Filter>
    <Filter Include="Header Files">
      <UniqueIdentifier>{93995380-89BD-4b04-88EB-625FBE52EBFB}</UniqueIdentifier>
      <Extensions>h;hpp;hxx;hm;inl;inc;xsd</Extensions>
    </Filter>
    <Filter Include="Resource Files">
      <UniqueIdentifier>{67DA6AB6-F800-4c08-8B7A-83BB121AAD01}</UniqueIdentifier>
      <Extensions>rc;ico;cur;bmp;dlg;rc2;rct;bin;rgs;gif;jpg;jpeg;jpe;resx;tiff;tif;png;wav;mfcribbon-ms</Extensions>
    </Filter>
    <Filter Include="Classes">
      <UniqueIdentifier>{347c0dc1-8a97-4a06-ab08-879d29fcdc29}</UniqueIdentifier>
    </Filter>
    <Filter Include="Classes\Components">
      <UniqueIdentifier>{4e75e360-2c92-4cb1-90b1-369524b7fb82}</UniqueIdentifier>
    </Filter>
  </ItemGroup>
  <ItemGroup>
    <ClCompile Include="bgiout.cxx">
      <Filter>Source Files</Filter>
    </ClCompile>
    <ClCompile Include="winthread.cxx">
      <Filter>Source Files</Filter>
    </ClCompile>
    <ClCompile Include="drawing.cxx">
      <Filter>Source Files</Filter>
    </ClCompile>
    <ClCompile Include="misc.cxx">
      <Filter>Source Files</Filter>
    </ClCompile>
    <ClCompile Include="palette.cxx">
      <Filter>Source Files</Filter>
    </ClCompile>
    <ClCompile Include="text.cxx">
      <Filter>Source Files</Filter>
    </ClCompile>
    <ClCompile Include="mouse.cxx">
      <Filter>Source Files</Filter>
    </ClCompile>
    <ClCompile Include="winbgi.cxx">
      <Filter>Source Files</Filter>
    </ClCompile>
    <ClCompile Include="file.cxx">
      <Filter>Source Files</Filter>
    </ClCompile>
    <ClCompile Include="dibutil.cxx">
      <Filter>Source Files</Filter>
    </ClCompile>
    <ClCompile Include="ELEC.cpp">
      <Filter>Source Files</Filter>
    </ClCompile>
    <ClCompile Include="eyes.cpp">
      <Filter>Source Files</Filter>
    </ClCompile>
    <ClCompile Include="Classes\CartesianCoordinate.cpp">
      <Filter>Source Files</Filter>
    </ClCompile>
    <ClCompile Include="Classes\Components\BaseComponent\BaseComponent.cpp">
      <Filter>Classes\Components</Filter>
    </ClCompile>
    <ClCompile Include="Classes\Components\Resistor\Resistor.cpp">
      <Filter>Source Files</Filter>
    </ClCompile>
    <ClCompile Include="Classes\Source.cpp">
      <Filter>Source Files</Filter>
    </ClCompile>
    <ClCompile Include="Classes\Components\Battery\Battery.cpp">
      <Filter>Source Files</Filter>
    </ClCompile>
    <ClCompile Include="Classes\Components\Condenser\Condenser.cpp">
      <Filter>Source Files</Filter>
    </ClCompile>
    <ClCompile Include="Classes\Components\Node\Node.cpp">
      <Filter>Source Files</Filter>
    </ClCompile>
    <ClCompile Include="Classes\Components\Diode\Diode.cpp">
      <Filter>Source Files</Filter>
    </ClCompile>
    <ClCompile Include="Classes\Components\AmplifierOp\AmplifierOp.cpp">
      <Filter>Source Files</Filter>
    </ClCompile>
    <ClCompile Include="Classes\Components\Condensator\Condensator.cpp">
      <Filter>Source Files</Filter>
    </ClCompile>
    <ClCompile Include="Classes\Components\TranzistorNPN\TranzistorNPN.cpp">
      <Filter>Source Files</Filter>
    </ClCompile>
    <ClCompile Include="Classes\Components\TranzistorPNP\TranzistorPNP.cpp">
      <Filter>Source Files</Filter>
    </ClCompile>
    <ClCompile Include="Classes\Components\Zenner\Zenner.cpp">
      <Filter>Source Files</Filter>
    </ClCompile>
  </ItemGroup>
  <ItemGroup>
    <ClInclude Include="winbgim.h">
      <Filter>Header Files</Filter>
    </ClInclude>
    <ClInclude Include="winbgitypes.h">
      <Filter>Header Files</Filter>
    </ClInclude>
    <ClInclude Include="graphics.h">
      <Filter>Header Files</Filter>
    </ClInclude>
    <ClInclude Include="winbgi.h">
      <Filter>Header Files</Filter>
    </ClInclude>
    <ClInclude Include="dibutil.h">
      <Filter>Header Files</Filter>
    </ClInclude>
    <ClInclude Include="stdafx.h">
      <Filter>Resource Files</Filter>
    </ClInclude>
    <ClInclude Include="Classes\CartesianCoordinate.h">
      <Filter>Header Files</Filter>
    </ClInclude>
    <ClInclude Include="Classes\Components\BaseComponent\BaseComponent.h">
      <Filter>Header Files</Filter>
    </ClInclude>
    <ClInclude Include="Classes\Components\Resistor\Resistor.h">
      <Filter>Header Files</Filter>
    </ClInclude>
    <ClInclude Include="Classes\Components\Battery\Battery.h">
      <Filter>Header Files</Filter>
    </ClInclude>
    <ClInclude Include="Classes\Components\Condenser\Condenser.h">
      <Filter>Header Files</Filter>
    </ClInclude>
    <ClInclude Include="Classes\Components\Node\Node.h">
      <Filter>Header Files</Filter>
    </ClInclude>
    <ClInclude Include="Classes\Components\Diode\Diode.h">
      <Filter>Header Files</Filter>
    </ClInclude>
    <ClInclude Include="Classes\Components\AmplifierOp\AmplifierOp.h">
      <Filter>Header Files</Filter>
    </ClInclude>
    <ClInclude Include="Classes\Components\Condensator\Condensator.h">
      <Filter>Header Files</Filter>
    </ClInclude>
    <ClInclude Include="Classes\Components\TranzistorNPN\TranzistorNPN.h">
      <Filter>Header Files</Filter>
    </ClInclude>
    <ClInclude Include="Classes\Components\TranzistorPNP\TranzistorPNP.h">
      <Filter>Header Files</Filter>
    </ClInclude>
    <ClInclude Include="Classes\Components\Zenner\Zenner.h">
      <Filter>Header Files</Filter>
    </ClInclude>
  </ItemGroup>
</Project>